
Microsoft Visual Studio Solution File, Format Version 12.00
# Visual Studio Version 16
VisualStudioVersion = 16.0.31105.61
MinimumVisualStudioVersion = 10.0.40219.1
Project("{FAE04EC0-301F-11D3-BF4B-00C04F79EFBC}") = "RestaurantRater", "RestaurantRater\RestaurantRater.csproj", "{DABAAD33-40DA-4BD0-88A7-8D24D2A6CC15}"
EndProject
Global
	GlobalSection(SolutionConfigurationPlatforms) = preSolution
		Debug|Any CPU = Debug|Any CPU
		Release|Any CPU = Release|Any CPU
	EndGlobalSection
	GlobalSection(ProjectConfigurationPlatforms) = postSolution
		{DABAAD33-40DA-4BD0-88A7-8D24D2A6CC15}.Debug|Any CPU.ActiveCfg = Debug|Any CPU
		{DABAAD33-40DA-4BD0-88A7-8D24D2A6CC15}.Debug|Any CPU.Build.0 = Debug|Any CPU
		{DABAAD33-40DA-4BD0-88A7-8D24D2A6CC15}.Release|Any CPU.ActiveCfg = Release|Any CPU
		{DABAAD33-40DA-4BD0-88A7-8D24D2A6CC15}.Release|Any CPU.Build.0 = Release|Any CPU
	EndGlobalSection
	GlobalSection(SolutionProperties) = preSolution
		HideSolutionNode = FALSE
	EndGlobalSection
	GlobalSection(ExtensibilityGlobals) = postSolution
		SolutionGuid = {6F9DC32B-B03F-49CA-8DAC-15EC615DBA99}
	EndGlobalSection
EndGlobal
